
Microsoft Visual Studio Solution File, Format Version 12.00
# Visual Studio Version 16
VisualStudioVersion = 16.0.31613.86
MinimumVisualStudioVersion = 10.0.40219.1
Project("{A07B5EB6-E848-4116-A8D0-A826331D98C6}") = "SocialPlatform", "SocialPlatform\SocialPlatform.sfproj", "{3222E997-987D-403A-B929-E17CEBD34A99}"
EndProject
Project("{9A19103F-16F7-4668-BE54-9A1E7A4F7556}") = "SocialPlatform.Groups.API", "SocialPlatform.Groups.API\SocialPlatform.Groups.API.csproj", "{A23B45A9-D4ED-4C43-BE62-E0A6A0C943E6}"
EndProject
Project("{9A19103F-16F7-4668-BE54-9A1E7A4F7556}") = "SocialPlatform.Groups.Actors", "SocialPlatform.Groups.Actors\SocialPlatform.Groups.Actors.csproj", "{DC17ECE4-56BE-4E82-A271-68F57169464A}"
EndProject
Project("{9A19103F-16F7-4668-BE54-9A1E7A4F7556}") = "SocialPlatform.Groups.Actors.Interfaces", "SocialPlatform.Groups.Actors.Interfaces\SocialPlatform.Groups.Actors.Interfaces.csproj", "{C1FF35E0-6667-4DAE-9FC7-47A10290A996}"
EndProject
Project("{9A19103F-16F7-4668-BE54-9A1E7A4F7556}") = "SocialPlatform.Groups.Shared", "SocialPlatform.Groups.Shared\SocialPlatform.Groups.Shared.csproj", "{851B9D23-807F-487D-A4BD-2121D1B905D0}"
EndProject
Project("{FAE04EC0-301F-11D3-BF4B-00C04F79EFBC}") = "SocialPlatform.Groups.Registry", "SocialPlatform.Groups.Registry\SocialPlatform.Groups.Registry.csproj", "{3FB2DD0C-C2CB-4DB6-B572-05E8C6473E39}"
EndProject
Project("{9A19103F-16F7-4668-BE54-9A1E7A4F7556}") = "SocialPlatform.Groups.ConsoleClient", "SocialPlatform.Groups.ConsoleClient\SocialPlatform.Groups.ConsoleClient.csproj", "{140B022E-229B-4AE5-81DE-887525B3914E}"
EndProject
Global
	GlobalSection(SolutionConfigurationPlatforms) = preSolution
		Debug|Any CPU = Debug|Any CPU
		Debug|x64 = Debug|x64
		Release|Any CPU = Release|Any CPU
		Release|x64 = Release|x64
	EndGlobalSection
	GlobalSection(ProjectConfigurationPlatforms) = postSolution
		{3222E997-987D-403A-B929-E17CEBD34A99}.Debug|Any CPU.ActiveCfg = Debug|x64
		{3222E997-987D-403A-B929-E17CEBD34A99}.Debug|x64.ActiveCfg = Debug|x64
		{3222E997-987D-403A-B929-E17CEBD34A99}.Debug|x64.Build.0 = Debug|x64
		{3222E997-987D-403A-B929-E17CEBD34A99}.Debug|x64.Deploy.0 = Debug|x64
		{3222E997-987D-403A-B929-E17CEBD34A99}.Release|Any CPU.ActiveCfg = Release|x64
		{3222E997-987D-403A-B929-E17CEBD34A99}.Release|x64.ActiveCfg = Release|x64
		{3222E997-987D-403A-B929-E17CEBD34A99}.Release|x64.Build.0 = Release|x64
		{3222E997-987D-403A-B929-E17CEBD34A99}.Release|x64.Deploy.0 = Release|x64
		{A23B45A9-D4ED-4C43-BE62-E0A6A0C943E6}.Debug|Any CPU.ActiveCfg = Debug|Any CPU
		{A23B45A9-D4ED-4C43-BE62-E0A6A0C943E6}.Debug|Any CPU.Build.0 = Debug|Any CPU
		{A23B45A9-D4ED-4C43-BE62-E0A6A0C943E6}.Debug|x64.ActiveCfg = Debug|Any CPU
		{A23B45A9-D4ED-4C43-BE62-E0A6A0C943E6}.Debug|x64.Build.0 = Debug|Any CPU
		{A23B45A9-D4ED-4C43-BE62-E0A6A0C943E6}.Release|Any CPU.ActiveCfg = Release|Any CPU
		{A23B45A9-D4ED-4C43-BE62-E0A6A0C943E6}.Release|Any CPU.Build.0 = Release|Any CPU
		{A23B45A9-D4ED-4C43-BE62-E0A6A0C943E6}.Release|x64.ActiveCfg = Release|Any CPU
		{A23B45A9-D4ED-4C43-BE62-E0A6A0C943E6}.Release|x64.Build.0 = Release|Any CPU
		{DC17ECE4-56BE-4E82-A271-68F57169464A}.Debug|Any CPU.ActiveCfg = Debug|Any CPU
		{DC17ECE4-56BE-4E82-A271-68F57169464A}.Debug|Any CPU.Build.0 = Debug|Any CPU
		{DC17ECE4-56BE-4E82-A271-68F57169464A}.Debug|x64.ActiveCfg = Debug|Any CPU
		{DC17ECE4-56BE-4E82-A271-68F57169464A}.Debug|x64.Build.0 = Debug|Any CPU
		{DC17ECE4-56BE-4E82-A271-68F57169464A}.Release|Any CPU.ActiveCfg = Release|Any CPU
		{DC17ECE4-56BE-4E82-A271-68F57169464A}.Release|Any CPU.Build.0 = Release|Any CPU
		{DC17ECE4-56BE-4E82-A271-68F57169464A}.Release|x64.ActiveCfg = Release|Any CPU
		{DC17ECE4-56BE-4E82-A271-68F57169464A}.Release|x64.Build.0 = Release|Any CPU
		{C1FF35E0-6667-4DAE-9FC7-47A10290A996}.Debug|Any CPU.ActiveCfg = Debug|Any CPU
		{C1FF35E0-6667-4DAE-9FC7-47A10290A996}.Debug|Any CPU.Build.0 = Debug|Any CPU
		{C1FF35E0-6667-4DAE-9FC7-47A10290A996}.Debug|x64.ActiveCfg = Debug|Any CPU
		{C1FF35E0-6667-4DAE-9FC7-47A10290A996}.Debug|x64.Build.0 = Debug|Any CPU
		{C1FF35E0-6667-4DAE-9FC7-47A10290A996}.Release|Any CPU.ActiveCfg = Release|Any CPU
		{C1FF35E0-6667-4DAE-9FC7-47A10290A996}.Release|Any CPU.Build.0 = Release|Any CPU
		{C1FF35E0-6667-4DAE-9FC7-47A10290A996}.Release|x64.ActiveCfg = Release|Any CPU
		{C1FF35E0-6667-4DAE-9FC7-47A10290A996}.Release|x64.Build.0 = Release|Any CPU
		{851B9D23-807F-487D-A4BD-2121D1B905D0}.Debug|Any CPU.ActiveCfg = Debug|Any CPU
		{851B9D23-807F-487D-A4BD-2121D1B905D0}.Debug|Any CPU.Build.0 = Debug|Any CPU
		{851B9D23-807F-487D-A4BD-2121D1B905D0}.Debug|x64.ActiveCfg = Debug|Any CPU
		{851B9D23-807F-487D-A4BD-2121D1B905D0}.Debug|x64.Build.0 = Debug|Any CPU
		{851B9D23-807F-487D-A4BD-2121D1B905D0}.Release|Any CPU.ActiveCfg = Release|Any CPU
		{851B9D23-807F-487D-A4BD-2121D1B905D0}.Release|Any CPU.Build.0 = Release|Any CPU
		{851B9D23-807F-487D-A4BD-2121D1B905D0}.Release|x64.ActiveCfg = Release|Any CPU
		{851B9D23-807F-487D-A4BD-2121D1B905D0}.Release|x64.Build.0 = Release|Any CPU
		{3FB2DD0C-C2CB-4DB6-B572-05E8C6473E39}.Debug|Any CPU.ActiveCfg = Debug|Any CPU
		{3FB2DD0C-C2CB-4DB6-B572-05E8C6473E39}.Debug|Any CPU.Build.0 = Debug|Any CPU
		{3FB2DD0C-C2CB-4DB6-B572-05E8C6473E39}.Debug|x64.ActiveCfg = Debug|Any CPU
		{3FB2DD0C-C2CB-4DB6-B572-05E8C6473E39}.Debug|x64.Build.0 = Debug|Any CPU
		{3FB2DD0C-C2CB-4DB6-B572-05E8C6473E39}.Release|Any CPU.ActiveCfg = Release|Any CPU
		{3FB2DD0C-C2CB-4DB6-B572-05E8C6473E39}.Release|Any CPU.Build.0 = Release|Any CPU
		{3FB2DD0C-C2CB-4DB6-B572-05E8C6473E39}.Release|x64.ActiveCfg = Release|Any CPU
		{3FB2DD0C-C2CB-4DB6-B572-05E8C6473E39}.Release|x64.Build.0 = Release|Any CPU
		{140B022E-229B-4AE5-81DE-887525B3914E}.Debug|Any CPU.ActiveCfg = Debug|Any CPU
		{140B022E-229B-4AE5-81DE-887525B3914E}.Debug|Any CPU.Build.0 = Debug|Any CPU
		{140B022E-229B-4AE5-81DE-887525B3914E}.Debug|x64.ActiveCfg = Debug|Any CPU
		{140B022E-229B-4AE5-81DE-887525B3914E}.Debug|x64.Build.0 = Debug|Any CPU
		{140B022E-229B-4AE5-81DE-887525B3914E}.Release|Any CPU.ActiveCfg = Release|Any CPU
		{140B022E-229B-4AE5-81DE-887525B3914E}.Release|Any CPU.Build.0 = Release|Any CPU
		{140B022E-229B-4AE5-81DE-887525B3914E}.Release|x64.ActiveCfg = Release|Any CPU
		{140B022E-229B-4AE5-81DE-887525B3914E}.Release|x64.Build.0 = Release|Any CPU
	EndGlobalSection
	GlobalSection(SolutionProperties) = preSolution
		HideSolutionNode = FALSE
	EndGlobalSection
	GlobalSection(ExtensibilityGlobals) = postSolution
		SolutionGuid = {922B8D54-9D06-4326-99CB-39F5D7CCACA7}
	EndGlobalSection
EndGlobal
